
Microsoft Visual Studio Solution File, Format Version 12.00
# Visual Studio 15
VisualStudioVersion = 15.0.27703.2035
MinimumVisualStudioVersion = 10.0.40219.1
Project("{FAE04EC0-301F-11D3-BF4B-00C04F79EFBC}") = "ConsoleApp1", "ConsoleApp1\ConsoleApp1.csproj", "{701936B7-C1AF-4218-99E4-2B102A1F0395}"
EndProject
Global
	GlobalSection(SolutionConfigurationPlatforms) = preSolution
		Debug|Any CPU = Debug|Any CPU
		Release|Any CPU = Release|Any CPU
	EndGlobalSection
	GlobalSection(ProjectConfigurationPlatforms) = postSolution
		{701936B7-C1AF-4218-99E4-2B102A1F0395}.Debug|Any CPU.ActiveCfg = Debug|Any CPU
		{701936B7-C1AF-4218-99E4-2B102A1F0395}.Debug|Any CPU.Build.0 = Debug|Any CPU
		{701936B7-C1AF-4218-99E4-2B102A1F0395}.Release|Any CPU.ActiveCfg = Release|Any CPU
		{701936B7-C1AF-4218-99E4-2B102A1F0395}.Release|Any CPU.Build.0 = Release|Any CPU
	EndGlobalSection
	GlobalSection(SolutionProperties) = preSolution
		HideSolutionNode = FALSE
	EndGlobalSection
	GlobalSection(ExtensibilityGlobals) = postSolution
		SolutionGuid = {C86AE7DD-553E-4EED-88D7-A074E0B21D51}
	EndGlobalSection
EndGlobal
